
Microsoft Visual Studio Solution File, Format Version 12.00
# Visual Studio Version 17
VisualStudioVersion = 17.11.35312.102
MinimumVisualStudioVersion = 10.0.40219.1
Project("{FAE04EC0-301F-11D3-BF4B-00C04F79EFBC}") = "PractWork10", "PractWork10\PractWork10.csproj", "{B6DC354B-D788-467D-A41D-50101FC04B57}"
EndProject
Project("{2150E333-8FDC-42A3-9474-1A3956D46DE8}") = "Models", "Models", "{537EF360-CC69-4DD9-AA67-DCEE30851C8D}"
EndProject
Global
	GlobalSection(SolutionConfigurationPlatforms) = preSolution
		Debug|Any CPU = Debug|Any CPU
		Release|Any CPU = Release|Any CPU
	EndGlobalSection
	GlobalSection(ProjectConfigurationPlatforms) = postSolution
		{B6DC354B-D788-467D-A41D-50101FC04B57}.Debug|Any CPU.ActiveCfg = Debug|Any CPU
		{B6DC354B-D788-467D-A41D-50101FC04B57}.Debug|Any CPU.Build.0 = Debug|Any CPU
		{B6DC354B-D788-467D-A41D-50101FC04B57}.Release|Any CPU.ActiveCfg = Release|Any CPU
		{B6DC354B-D788-467D-A41D-50101FC04B57}.Release|Any CPU.Build.0 = Release|Any CPU
	EndGlobalSection
	GlobalSection(SolutionProperties) = preSolution
		HideSolutionNode = FALSE
	EndGlobalSection
	GlobalSection(ExtensibilityGlobals) = postSolution
		SolutionGuid = {8DD073A1-1CE3-4119-B5B7-5D3860951955}
	EndGlobalSection
EndGlobal
